
Microsoft Visual Studio Solution File, Format Version 12.00
# Visual Studio Version 17
VisualStudioVersion = 17.10.35013.160
MinimumVisualStudioVersion = 10.0.40219.1
Project("{FAE04EC0-301F-11D3-BF4B-00C04F79EFBC}") = "ExtractMediaInfo", "ExtractMediaInfo\ExtractMediaInfo.csproj", "{47DC70AC-CED1-46B2-AA40-FF203777B862}"
EndProject
Global
	GlobalSection(SolutionConfigurationPlatforms) = preSolution
		Debug|Any CPU = Debug|Any CPU
		Release|Any CPU = Release|Any CPU
	EndGlobalSection
	GlobalSection(ProjectConfigurationPlatforms) = postSolution
		{47DC70AC-CED1-46B2-AA40-FF203777B862}.Debug|Any CPU.ActiveCfg = Debug|Any CPU
		{47DC70AC-CED1-46B2-AA40-FF203777B862}.Debug|Any CPU.Build.0 = Debug|Any CPU
		{47DC70AC-CED1-46B2-AA40-FF203777B862}.Release|Any CPU.ActiveCfg = Release|Any CPU
		{47DC70AC-CED1-46B2-AA40-FF203777B862}.Release|Any CPU.Build.0 = Release|Any CPU
	EndGlobalSection
	GlobalSection(SolutionProperties) = preSolution
		HideSolutionNode = FALSE
	EndGlobalSection
	GlobalSection(ExtensibilityGlobals) = postSolution
		SolutionGuid = {B47C6110-D85E-47F4-8EA4-691D68E52C84}
	EndGlobalSection
EndGlobal
